
Microsoft Visual Studio Solution File, Format Version 12.00
# Visual Studio Version 17
VisualStudioVersion = 17.12.35707.178 d17.12
MinimumVisualStudioVersion = 10.0.40219.1
Project("{FAE04EC0-301F-11D3-BF4B-00C04F79EFBC}") = "App.Android", "App\App.Android\App.Android.csproj", "{2AD3E161-7CCE-44B4-A1E3-BA399430D591}"
EndProject
Project("{FAE04EC0-301F-11D3-BF4B-00C04F79EFBC}") = "App", "App\App\App.csproj", "{C139F218-1D58-4512-A6D2-595647E97F1D}"
EndProject
Global
	GlobalSection(SolutionConfigurationPlatforms) = preSolution
		Debug|Any CPU = Debug|Any CPU
		Release|Any CPU = Release|Any CPU
	EndGlobalSection
	GlobalSection(ProjectConfigurationPlatforms) = postSolution
		{2AD3E161-7CCE-44B4-A1E3-BA399430D591}.Debug|Any CPU.ActiveCfg = Debug|Any CPU
		{2AD3E161-7CCE-44B4-A1E3-BA399430D591}.Debug|Any CPU.Build.0 = Debug|Any CPU
		{2AD3E161-7CCE-44B4-A1E3-BA399430D591}.Debug|Any CPU.Deploy.0 = Debug|Any CPU
		{2AD3E161-7CCE-44B4-A1E3-BA399430D591}.Release|Any CPU.ActiveCfg = Release|Any CPU
		{2AD3E161-7CCE-44B4-A1E3-BA399430D591}.Release|Any CPU.Build.0 = Release|Any CPU
		{2AD3E161-7CCE-44B4-A1E3-BA399430D591}.Release|Any CPU.Deploy.0 = Release|Any CPU
		{C139F218-1D58-4512-A6D2-595647E97F1D}.Debug|Any CPU.ActiveCfg = Debug|Any CPU
		{C139F218-1D58-4512-A6D2-595647E97F1D}.Debug|Any CPU.Build.0 = Debug|Any CPU
		{C139F218-1D58-4512-A6D2-595647E97F1D}.Debug|Any CPU.Deploy.0 = Debug|Any CPU
		{C139F218-1D58-4512-A6D2-595647E97F1D}.Release|Any CPU.ActiveCfg = Release|Any CPU
		{C139F218-1D58-4512-A6D2-595647E97F1D}.Release|Any CPU.Build.0 = Release|Any CPU
		{C139F218-1D58-4512-A6D2-595647E97F1D}.Release|Any CPU.Deploy.0 = Release|Any CPU
	EndGlobalSection
	GlobalSection(SolutionProperties) = preSolution
		HideSolutionNode = FALSE
	EndGlobalSection
EndGlobal
